
Microsoft Visual Studio Solution File, Format Version 12.00
# Visual Studio 15
VisualStudioVersion = 15.0.26124.0
MinimumVisualStudioVersion = 15.0.26124.0
Project("{FAE04EC0-301F-11D3-BF4B-00C04F79EFBC}") = "Estacionamiento.Api", "Estacionamiento.Api\Estacionamiento.Api.csproj", "{DA5BA5ED-EFD5-46F4-8D6C-08F3B2920E50}"
EndProject
Project("{FAE04EC0-301F-11D3-BF4B-00C04F79EFBC}") = "Estacionamiento.Repository", "Estacionamiento.Repository\Estacionamiento.Repository.csproj", "{C2F3A540-8D28-4FCA-9AAD-4972CA28F9DE}"
EndProject
Project("{FAE04EC0-301F-11D3-BF4B-00C04F79EFBC}") = "Estacionamiento.Domain", "Estacionamiento.Domain\Estacionamiento.Domain.csproj", "{410B8E85-5D45-48D4-8F2C-8CD132D7E545}"
EndProject
Project("{FAE04EC0-301F-11D3-BF4B-00C04F79EFBC}") = "Estacionamiento.Service", "Estacionamiento.Service\Estacionamiento.Service.csproj", "{1233744B-A825-48A5-8A2A-33F46F8F3EE2}"
EndProject
Global
	GlobalSection(SolutionConfigurationPlatforms) = preSolution
		Debug|Any CPU = Debug|Any CPU
		Debug|x64 = Debug|x64
		Debug|x86 = Debug|x86
		Release|Any CPU = Release|Any CPU
		Release|x64 = Release|x64
		Release|x86 = Release|x86
	EndGlobalSection
	GlobalSection(SolutionProperties) = preSolution
		HideSolutionNode = FALSE
	EndGlobalSection
	GlobalSection(ProjectConfigurationPlatforms) = postSolution
		{DA5BA5ED-EFD5-46F4-8D6C-08F3B2920E50}.Debug|Any CPU.ActiveCfg = Debug|Any CPU
		{DA5BA5ED-EFD5-46F4-8D6C-08F3B2920E50}.Debug|Any CPU.Build.0 = Debug|Any CPU
		{DA5BA5ED-EFD5-46F4-8D6C-08F3B2920E50}.Debug|x64.ActiveCfg = Debug|Any CPU
		{DA5BA5ED-EFD5-46F4-8D6C-08F3B2920E50}.Debug|x64.Build.0 = Debug|Any CPU
		{DA5BA5ED-EFD5-46F4-8D6C-08F3B2920E50}.Debug|x86.ActiveCfg = Debug|Any CPU
		{DA5BA5ED-EFD5-46F4-8D6C-08F3B2920E50}.Debug|x86.Build.0 = Debug|Any CPU
		{DA5BA5ED-EFD5-46F4-8D6C-08F3B2920E50}.Release|Any CPU.ActiveCfg = Release|Any CPU
		{DA5BA5ED-EFD5-46F4-8D6C-08F3B2920E50}.Release|Any CPU.Build.0 = Release|Any CPU
		{DA5BA5ED-EFD5-46F4-8D6C-08F3B2920E50}.Release|x64.ActiveCfg = Release|Any CPU
		{DA5BA5ED-EFD5-46F4-8D6C-08F3B2920E50}.Release|x64.Build.0 = Release|Any CPU
		{DA5BA5ED-EFD5-46F4-8D6C-08F3B2920E50}.Release|x86.ActiveCfg = Release|Any CPU
		{DA5BA5ED-EFD5-46F4-8D6C-08F3B2920E50}.Release|x86.Build.0 = Release|Any CPU
		{C2F3A540-8D28-4FCA-9AAD-4972CA28F9DE}.Debug|Any CPU.ActiveCfg = Debug|Any CPU
		{C2F3A540-8D28-4FCA-9AAD-4972CA28F9DE}.Debug|Any CPU.Build.0 = Debug|Any CPU
		{C2F3A540-8D28-4FCA-9AAD-4972CA28F9DE}.Debug|x64.ActiveCfg = Debug|Any CPU
		{C2F3A540-8D28-4FCA-9AAD-4972CA28F9DE}.Debug|x64.Build.0 = Debug|Any CPU
		{C2F3A540-8D28-4FCA-9AAD-4972CA28F9DE}.Debug|x86.ActiveCfg = Debug|Any CPU
		{C2F3A540-8D28-4FCA-9AAD-4972CA28F9DE}.Debug|x86.Build.0 = Debug|Any CPU
		{C2F3A540-8D28-4FCA-9AAD-4972CA28F9DE}.Release|Any CPU.ActiveCfg = Release|Any CPU
		{C2F3A540-8D28-4FCA-9AAD-4972CA28F9DE}.Release|Any CPU.Build.0 = Release|Any CPU
		{C2F3A540-8D28-4FCA-9AAD-4972CA28F9DE}.Release|x64.ActiveCfg = Release|Any CPU
		{C2F3A540-8D28-4FCA-9AAD-4972CA28F9DE}.Release|x64.Build.0 = Release|Any CPU
		{C2F3A540-8D28-4FCA-9AAD-4972CA28F9DE}.Release|x86.ActiveCfg = Release|Any CPU
		{C2F3A540-8D28-4FCA-9AAD-4972CA28F9DE}.Release|x86.Build.0 = Release|Any CPU
		{410B8E85-5D45-48D4-8F2C-8CD132D7E545}.Debug|Any CPU.ActiveCfg = Debug|Any CPU
		{410B8E85-5D45-48D4-8F2C-8CD132D7E545}.Debug|Any CPU.Build.0 = Debug|Any CPU
		{410B8E85-5D45-48D4-8F2C-8CD132D7E545}.Debug|x64.ActiveCfg = Debug|Any CPU
		{410B8E85-5D45-48D4-8F2C-8CD132D7E545}.Debug|x64.Build.0 = Debug|Any CPU
		{410B8E85-5D45-48D4-8F2C-8CD132D7E545}.Debug|x86.ActiveCfg = Debug|Any CPU
		{410B8E85-5D45-48D4-8F2C-8CD132D7E545}.Debug|x86.Build.0 = Debug|Any CPU
		{410B8E85-5D45-48D4-8F2C-8CD132D7E545}.Release|Any CPU.ActiveCfg = Release|Any CPU
		{410B8E85-5D45-48D4-8F2C-8CD132D7E545}.Release|Any CPU.Build.0 = Release|Any CPU
		{410B8E85-5D45-48D4-8F2C-8CD132D7E545}.Release|x64.ActiveCfg = Release|Any CPU
		{410B8E85-5D45-48D4-8F2C-8CD132D7E545}.Release|x64.Build.0 = Release|Any CPU
		{410B8E85-5D45-48D4-8F2C-8CD132D7E545}.Release|x86.ActiveCfg = Release|Any CPU
		{410B8E85-5D45-48D4-8F2C-8CD132D7E545}.Release|x86.Build.0 = Release|Any CPU
		{1233744B-A825-48A5-8A2A-33F46F8F3EE2}.Debug|Any CPU.ActiveCfg = Debug|Any CPU
		{1233744B-A825-48A5-8A2A-33F46F8F3EE2}.Debug|Any CPU.Build.0 = Debug|Any CPU
		{1233744B-A825-48A5-8A2A-33F46F8F3EE2}.Debug|x64.ActiveCfg = Debug|Any CPU
		{1233744B-A825-48A5-8A2A-33F46F8F3EE2}.Debug|x64.Build.0 = Debug|Any CPU
		{1233744B-A825-48A5-8A2A-33F46F8F3EE2}.Debug|x86.ActiveCfg = Debug|Any CPU
		{1233744B-A825-48A5-8A2A-33F46F8F3EE2}.Debug|x86.Build.0 = Debug|Any CPU
		{1233744B-A825-48A5-8A2A-33F46F8F3EE2}.Release|Any CPU.ActiveCfg = Release|Any CPU
		{1233744B-A825-48A5-8A2A-33F46F8F3EE2}.Release|Any CPU.Build.0 = Release|Any CPU
		{1233744B-A825-48A5-8A2A-33F46F8F3EE2}.Release|x64.ActiveCfg = Release|Any CPU
		{1233744B-A825-48A5-8A2A-33F46F8F3EE2}.Release|x64.Build.0 = Release|Any CPU
		{1233744B-A825-48A5-8A2A-33F46F8F3EE2}.Release|x86.ActiveCfg = Release|Any CPU
		{1233744B-A825-48A5-8A2A-33F46F8F3EE2}.Release|x86.Build.0 = Release|Any CPU
	EndGlobalSection
EndGlobal
